[[package]]
category = "main"
description = "File support for asyncio."
name = "aiofiles"
optional = false
python-versions = "*"
version = "0.4.0"

[[package]]
category = "main"
description = "A dict with attribute-style access"
name = "attrdict"
optional = false
python-versions = "*"
version = "2.0.1"

[package.dependencies]
six = "*"

[[package]]
category = "main"
description = "Python package for providing Mozilla's CA Bundle."
name = "certifi"
optional = false
python-versions = "*"
version = "2019.3.9"

[[package]]
category = "main"
description = "Universal encoding detector for Python 2 and 3"
name = "chardet"
optional = false
python-versions = "*"
version = "3.0.4"

[[package]]
category = "main"
description = "Composable command line interface toolkit"
name = "click"
optional = false
python-versions = ">=2.7, !=3.0.*, !=3.1.*, !=3.2.*, !=3.3.*"
version = "7.0"

[[package]]
category = "main"
description = "Cython implementation of Toolz: High performance functional utilities"
name = "cytoolz"
optional = false
python-versions = "*"
version = "0.9.0.1"

[package.dependencies]
toolz = ">=0.8.0"

[[package]]
category = "main"
description = "Better living through Python with decorators"
name = "decorator"
optional = false
python-versions = ">=2.6, !=3.0.*, !=3.1.*"
version = "4.4.0"

[[package]]
category = "main"
description = "Ethereum ABI Utils"
name = "eth-abi"
optional = false
python-versions = "*"
version = "1.3.0"

[package.dependencies]
eth-typing = ">=2.0.0,<3.0.0"
eth-utils = ">=1.2.0,<2.0.0"
parsimonious = ">=0.8.0,<0.9.0"

[[package]]
category = "main"
description = "eth-account: Sign Ethereum transactions and messages with local private keys"
name = "eth-account"
optional = false
python-versions = ">=3.5, <4"
version = "0.3.0"

[package.dependencies]
attrdict = ">=2.0.0,<3"
eth-keyfile = ">=0.5.0,<0.6.0"
eth-keys = ">=0.2.0b3,<0.3.0"
eth-rlp = ">=0.1.2,<1"
eth-utils = ">=1.0.2,<2"
hexbytes = ">=0.1.0,<1"

[[package]]
category = "main"
description = "eth-hash: The Ethereum hashing function, keccak256, sometimes (erroneously) called sha3"
name = "eth-hash"
optional = false
python-versions = ">=3.5, <4"
version = "0.2.0"

[[package]]
category = "main"
description = "A library for handling the encrypted keyfiles used to store ethereum private keys."
name = "eth-keyfile"
optional = false
python-versions = "*"
version = "0.5.1"

[package.dependencies]
cytoolz = ">=0.9.0,<1.0.0"
eth-keys = ">=0.1.0-beta.4,<1.0.0"
eth-utils = ">=1.0.0-beta.1,<2.0.0"
pycryptodome = ">=3.4.7,<4.0.0"

[[package]]
category = "main"
description = "Common API for Ethereum key operations."
name = "eth-keys"
optional = false
python-versions = "*"
version = "0.2.2"

[package.dependencies]
eth-utils = ">=1.3.0,<2.0.0"

[[package]]
category = "main"
description = "eth-rlp: RLP definitions for common Ethereum objects in Python"
name = "eth-rlp"
optional = false
python-versions = ">=3.5, <4"
version = "0.1.2"

[package.dependencies]
eth-utils = ">=1.0.1,<2"
hexbytes = ">=0.1.0,<1"
rlp = ">=0.6.0,<2"

[[package]]
category = "main"
description = "eth-typing: Common type annotations for ethereum python packages"
name = "eth-typing"
optional = false
python-versions = ">=3.5, <4"
version = "2.1.0"

[[package]]
category = "main"
description = "Common utility functions for ethereum codebases."
name = "eth-utils"
optional = false
python-versions = ">=3.5,!=3.5.2,<4"
version = "1.6.0"

[package.dependencies]
cytoolz = ">=0.8.2,<1.0.0"
eth-hash = ">=0.1.0,<1.0.0"
eth-typing = ">=1.0.0,<3.0.0"
toolz = ">0.8.2,<1"

[[package]]
category = "main"
description = "hexbytes: Python `bytes` subclass that decodes hex, with a readable console output"
name = "hexbytes"
optional = false
python-versions = "*"
version = "0.1.0"

[package.dependencies]
eth-utils = ">=1.0.1,<2.0.0"

[[package]]
category = "main"
description = "A collection of framework independent HTTP protocol utils."
name = "httptools"
optional = false
python-versions = "*"
version = "0.0.13"

[[package]]
category = "main"
description = "Internationalized Domain Names in Applications (IDNA)"
name = "idna"
optional = false
python-versions = ">=2.7, !=3.0.*, !=3.1.*, !=3.2.*, !=3.3.*"
version = "2.8"

[[package]]
category = "main"
description = "An Dict like LRU container."
name = "lru-dict"
optional = false
python-versions = "*"
version = "1.1.6"

[[package]]
category = "main"
description = "multidict implementation"
name = "multidict"
optional = false
python-versions = ">=3.4.1"
version = "4.5.2"

[[package]]
category = "main"
description = "NumPy is the fundamental package for array computing with Python."
name = "numpy"
optional = false
python-versions = ">=2.7,!=3.0.*,!=3.1.*,!=3.2.*,!=3.3.*"
version = "1.16.4"

[[package]]
category = "main"
description = "Powerful data structures for data analysis, time series, and statistics"
name = "pandas"
optional = false
python-versions = ">=2.7,!=3.0.*,!=3.1.*,!=3.2.*,!=3.3.*,!=3.4.*"
version = "0.24.2"

[package.dependencies]
numpy = ">=1.12.0"
python-dateutil = ">=2.5.0"
pytz = ">=2011k"

[[package]]
category = "main"
description = "(Soon to be) the fastest pure-Python PEG parser I could muster"
name = "parsimonious"
optional = false
python-versions = "*"
version = "0.8.1"

[package.dependencies]
six = ">=1.9.0"

[[package]]
category = "main"
description = "library with cross-python path, ini-parsing, io, code, log facilities"
name = "py"
optional = false
python-versions = ">=2.7, !=3.0.*, !=3.1.*, !=3.2.*, !=3.3.*"
version = "1.8.0"

[[package]]
category = "main"
description = "Cryptographic library for Python"
name = "pycryptodome"
optional = false
python-versions = ">=2.6, !=3.0.*, !=3.1.*, !=3.2.*, !=3.3.*"
version = "3.8.1"

[[package]]
category = "main"
description = ""
marker = "platform_system == \"Windows\""
name = "pypiwin32"
optional = false
python-versions = "*"
version = "223"

[package.dependencies]
pywin32 = ">=223"

[[package]]
category = "main"
description = "Extensions to the standard Python datetime module"
name = "python-dateutil"
optional = false
python-versions = ">=2.7, !=3.0.*, !=3.1.*, !=3.2.*"
version = "2.8.0"

[package.dependencies]
six = ">=1.5"

[[package]]
category = "main"
description = "World timezone definitions, modern and historical"
name = "pytz"
optional = false
python-versions = "*"
version = "2019.1"

[[package]]
category = "main"
description = "Python for Window Extensions"
marker = "platform_system == \"Windows\""
name = "pywin32"
optional = false
python-versions = "*"
version = "224"

[[package]]
category = "main"
description = "Python HTTP for Humans."
name = "requests"
optional = false
python-versions = ">=2.7, !=3.0.*, !=3.1.*, !=3.2.*, !=3.3.*, !=3.4.*"
version = "2.22.0"

[package.dependencies]
certifi = ">=2017.4.17"
chardet = ">=3.0.2,<3.1.0"
idna = ">=2.5,<2.9"
urllib3 = ">=1.21.1,<1.25.0 || >1.25.0,<1.25.1 || >1.25.1,<1.26"

[[package]]
category = "main"
description = "Easy to use retry decorator."
name = "retry"
optional = false
python-versions = "*"
version = "0.9.2"

[package.dependencies]
decorator = ">=3.4.2"
py = ">=1.4.26,<2.0.0"

[[package]]
category = "main"
description = "A package for Recursive Length Prefix encoding and decoding"
name = "rlp"
optional = false
python-versions = "*"
version = "1.1.0"

[package.dependencies]
eth-utils = ">=1.0.2,<2"

[[package]]
category = "main"
description = "A microframework based on uvloop, httptools, and learnings of flask"
name = "sanic"
optional = false
python-versions = "*"
version = "19.3.1"

[package.dependencies]
aiofiles = ">=0.3.0"
httptools = ">=0.0.10"
multidict = ">=4.0,<5.0"
ujson = ">=1.35"
uvloop = ">=0.5.3"
websockets = ">=6.0,<7.0"

[[package]]
category = "main"
description = "Python 2 and 3 compatibility utilities"
name = "six"
optional = false
python-versions = ">=2.6, !=3.0.*, !=3.1.*"
version = "1.12.0"

[[package]]
category = "main"
description = "List processing tools and functional utilities"
name = "toolz"
optional = false
python-versions = "*"
version = "0.9.0"

[[package]]
category = "main"
description = "Ultra fast JSON encoder and decoder for Python"
marker = "sys_platform != \"win32\" and implementation_name == \"cpython\""
name = "ujson"
optional = false
python-versions = "*"
version = "1.35"

[[package]]
category = "main"
description = "HTTP library with thread-safe connection pooling, file post, and more."
name = "urllib3"
optional = false
python-versions = ">=2.7, !=3.0.*, !=3.1.*, !=3.2.*, !=3.3.*, <4"
version = "1.25.3"

[[package]]
category = "main"
description = "Fast implementation of asyncio event loop on top of libuv"
marker = "sys_platform != \"win32\" and implementation_name == \"cpython\""
name = "uvloop"
optional = false
python-versions = "*"
version = "0.12.2"

[[package]]
category = "main"
description = "Web3.py"
name = "web3"
optional = false
python-versions = ">=3.5.3,<4"
version = "4.9.2"

[package.dependencies]
cytoolz = ">=0.9.0,<1.0.0"
eth-abi = ">=1.2.0,<2.0.0"
eth-account = ">=0.2.1,<0.4.0"
eth-hash = ">=0.2.0,<1.0.0"
eth-utils = ">=1.2.0,<2.0.0"
hexbytes = ">=0.1.0,<1.0.0"
lru-dict = ">=1.1.6,<2.0.0"
pypiwin32 = ">=223"
requests = ">=2.16.0,<3.0.0"
toolz = ">=0.9.0,<1.0.0"
websockets = ">=6.0.0,<7.0.0"

[[package]]
category = "main"
description = "An implementation of the WebSocket Protocol (RFC 6455 & 7692)"
name = "websockets"
optional = false
python-versions = ">=3.4"
version = "6.0"

[metadata]
content-hash = "40428da85940b313a02d340ab5968864cada29c6f776961dd8c22562bca7d550"
python-versions = "^3.6"

[metadata.hashes]
aiofiles = ["021ea0ba314a86027c166ecc4b4c07f2d40fc0f4b3a950d1868a0f2571c2bbee", "1e644c2573f953664368de28d2aa4c89dfd64550429d0c27c4680ccd3aa4985d"]
attrdict = ["35c90698b55c683946091177177a9e9c0713a0860f0e049febd72649ccd77b70", "9432e3498c74ff7e1b20b3d93b45d766b71cbffa90923496f82c4ae38b92be34"]
certifi = ["59b7658e26ca9c7339e00f8f4636cdfe59d34fa37b9b04f6f9e9926b3cece1a5", "b26104d6835d1f5e49452a26eb2ff87fe7090b89dfcaee5ea2212697e1e1d7ae"]
chardet = ["84ab92ed1c4d4f16916e05906b6b75a6c0fb5db821cc65e70cbd64a3e2a5eaae", "fc323ffcaeaed0e0a02bf4d117757b98aed530d9ed4531e3e15460124c106691"]
click = ["2335065e6395b9e67ca716de5f7526736bfa6ceead690adf616d925bdc622b13", "5b94b49521f6456670fdb30cd82a4eca9412788a93fa6dd6df72c94d5a8ff2d7"]
cytoolz = ["84cc06fa40aa310f2df79dd440fc5f84c3e20f01f9f7783fc9c38d0a11ba00e5"]
decorator = ["86156361c50488b84a3f148056ea716ca587df2f0de1d34750d35c21312725de", "f069f3a01830ca754ba5258fde2278454a0b5b79e0d7f5c13b3b97e57d4acff6"]
eth-abi = ["04e64f739c6f6cb6aded3e7c8924cc49ffbb088ac53ad1786765747853f167b1", "2a898568fd85b8f162b89890695f7e08d7a53dec70ecdb6bea20c544241d8621"]
eth-account = ["3b5b1735db5736c9bb59786256edb0e18ea912f0a3d835611abb0266aa71c0d1", "63d782e7d0db455d13b5d6f18df790895072fde49ed00f1c176ae11dfa87251b"]
eth-hash = ["1b9cb34dd3cd99c85c2bd6a1420ceae39a2eee8bf080efd264bcda8be3edecc8", "499dc02d098f69856d1a6dd005529c16174157d4fb2a9fe20c41f69e39f8f176"]
eth-keyfile = ["70d734af17efdf929a90bb95375f43522be4ed80c3b9e0a8bca575fb11cd1159", "939540efb503380bc30d926833e6a12b22c6750de80feef3720d79e5a79de47d"]
eth-keys = ["b51700a47a1cd5ceccd96b2744443925c7299fb43583927c3a10872f9bf2fb6a", "db6ebe767ede2cac40f38f7c6981b0170067131991578e6a8cf246299431813e"]
eth-rlp = ["05d8456981d85e16a9afa57f2f2c3356af5d1c49499cc8512cfcdc034b90dde5", "a94744c207ea731a7266bd0894179dc6e51a6a8965316000c8e823b5d7e07694"]
eth-typing = ["164d5fb164636b62a5729557953edfadc91e4f1b055cd591cace24913a917764", "901fcda2ab7cb4d92314484ce4730b6e02f1fccd97d3e20f72a9bdb531624c45"]
eth-utils = ["661a3033fb117bc9aa0ac8c28c903561c73d8f5cf2b4349815e5b4a001df6627", "88985b36d1a0a463d77edb41a8eb98c4f95658f9e9ec5cc6a35ec3623ca65f49"]
hexbytes = ["27cc227ae95fc20d44325ac0329a0293d656a05230da079650705030c7d7a819", "67e5608cb4a14d0a4ced058e595bb1f70c207ef2b5219fdc82af10e54bcf38de"]
httptools = ["e00cbd7ba01ff748e494248183abc6e153f49181169d8a3d41bb49132ca01dfc"]
idna = ["c357b3f628cf53ae2c4c05627ecc484553142ca23264e593d327bcde5e9c3407", "ea8b7f6188e6fa117537c3df7da9fc686d485087abf6ac197f9c46432f7e4a3c"]
lru-dict = ["365457660e3d05b76f1aba3e0f7fedbfcd6528e97c5115a351ddd0db488354cc"]
multidict = ["024b8129695a952ebd93373e45b5d341dbb87c17ce49637b34000093f243dd4f", "041e9442b11409be5e4fc8b6a97e4bcead758ab1e11768d1e69160bdde18acc3", "045b4dd0e5f6121e6f314d81759abd2c257db4634260abcfe0d3f7083c4908ef", "047c0a04e382ef8bd74b0de01407e8d8632d7d1b4db6f2561106af812a68741b", "068167c2d7bbeebd359665ac4fff756be5ffac9cda02375b5c5a7c4777038e73", "148ff60e0fffa2f5fad2eb25aae7bef23d8f3b8bdaf947a65cdbe84a978092bc", "1d1c77013a259971a72ddaa83b9f42c80a93ff12df6a4723be99d858fa30bee3", "1d48bc124a6b7a55006d97917f695effa9725d05abe8ee78fd60d6588b8344cd", "31dfa2fc323097f8ad7acd41aa38d7c614dd1960ac6681745b6da124093dc351", "34f82db7f80c49f38b032c5abb605c458bac997a6c3142e0d6c130be6fb2b941", "3d5dd8e5998fb4ace04789d1d008e2bb532de501218519d70bb672c4c5a2fc5d", "4a6ae52bd3ee41ee0f3acf4c60ceb3f44e0e3bc52ab7da1c2b2aa6703363a3d1", "4b02a3b2a2f01d0490dd39321c74273fed0568568ea0e7ea23e02bd1fb10a10b", "4b843f8e1dd6a3195679d9838eb4670222e8b8d01bc36c9894d6c3538316fa0a", "5de53a28f40ef3c4fd57aeab6b590c2c663de87a5af76136ced519923d3efbb3", "61b2b33ede821b94fa99ce0b09c9ece049c7067a33b279f343adfe35108a4ea7", "6a3a9b0f45fd75dc05d8e93dc21b18fc1670135ec9544d1ad4acbcf6b86781d0", "76ad8e4c69dadbb31bad17c16baee61c0d1a4a73bed2590b741b2e1a46d3edd0", "7ba19b777dc00194d1b473180d4ca89a054dd18de27d0ee2e42a103ec9b7d014", "7c1b7eab7a49aa96f3db1f716f0113a8a2e93c7375dd3d5d21c4941f1405c9c5", "7fc0eee3046041387cbace9314926aa48b681202f8897f8bff3809967a049036", "8ccd1c5fff1aa1427100ce188557fc31f1e0a383ad8ec42c559aabd4ff08802d", "8e08dd76de80539d613654915a2f5196dbccc67448df291e69a88712ea21e24a", "c18498c50c59263841862ea0501da9f2b3659c00db54abfbf823a80787fde8ce", "c49db89d602c24928e68c0d510f4fcf8989d77defd01c973d6cbe27e684833b1", "ce20044d0317649ddbb4e54dab3c1bcc7483c78c27d3f58ab3d0c7e6bc60d26a", "d1071414dd06ca2eafa90c85a079169bfeb0e5f57fd0b45d44c092546fcd6fd9", "d3be11ac43ab1a3e979dac80843b42226d5d3cccd3986f2e03152720a4297cd7", "db603a1c235d110c860d5f39988ebc8218ee028f07a7cbc056ba6424372ca31b"]
numpy = ["0778076e764e146d3078b17c24c4d89e0ecd4ac5401beff8e1c87879043a0633", "141c7102f20abe6cf0d54c4ced8d565b86df4d3077ba2343b61a6db996cefec7", "14270a1ee8917d11e7753fb54fc7ffd1934f4d529235beec0b275e2ccf00333b", "27e11c7a8ec9d5838bc59f809bfa86efc8a4fd02e58960fa9c49d998e14332d5", "2a04dda79606f3d2f760384c38ccd3d5b9bb79d4c8126b67aff5eb09a253763e", "3c26010c1b51e1224a3ca6b8df807de6e95128b0908c7e34f190e7775455b0ca", "52c40f1a4262c896420c6ea1c6fda62cf67070e3947e3307f5562bd783a90336", "6e4f8d9e8aa79321657079b9ac03f3cf3fd067bf31c1cca4f56d49543f4356a5", "7242be12a58fec245ee9734e625964b97cf7e3f2f7d016603f9e56660ce479c7", "7dc253b542bfd4b4eb88d9dbae4ca079e7bf2e2afd819ee18891a43db66c60c7", "94f5bd885f67bbb25c82d80184abbf7ce4f6c3c3a41fbaa4182f034bba803e69", "a89e188daa119ffa0d03ce5123dee3f8ffd5115c896c2a9d4f0dbb3d8b95bfa3", "ad3399da9b0ca36e2f24de72f67ab2854a62e623274607e37e0ce5f5d5fa9166", "b0348be89275fd1d4c44ffa39530c41a21062f52299b1e3ee7d1c61f060044b8", "b5554368e4ede1856121b0dfa35ce71768102e4aa55e526cb8de7f374ff78722", "cbddc56b2502d3f87fda4f98d948eb5b11f36ff3902e17cb6cc44727f2200525", "d79f18f41751725c56eceab2a886f021d70fd70a6188fd386e29a045945ffc10", "dc2ca26a19ab32dc475dbad9dfe723d3a64c835f4c23f625c2b6566ca32b9f29", "dd9bcd4f294eb0633bb33d1a74febdd2b9018b8b8ed325f861fffcd2c7660bb8", "e8baab1bc7c9152715844f1faca6744f2416929de10d7639ed49555a85549f52", "ec31fe12668af687b99acf1567399632a7c47b0e17cfb9ae47c098644ef36797", "f12b4f7e2d8f9da3141564e6737d79016fe5336cc92de6814eba579744f65b0a", "f58ac38d5ca045a377b3b377c84df8175ab992c970a53332fa8ac2373df44ff7"]
pandas = ["071e42b89b57baa17031af8c6b6bbd2e9a5c68c595bc6bf9adabd7a9ed125d3b", "17450e25ae69e2e6b303817bdf26b2cd57f69595d8550a77c308be0cd0fd58fa", "17916d818592c9ec891cbef2e90f98cc85e0f1e89ed0924c9b5220dc3209c846", "2538f099ab0e9f9c9d09bbcd94b47fd889bad06dc7ae96b1ed583f1dc1a7a822", "366f30710172cb45a6b4f43b66c220653b1ea50303fbbd94e50571637ffb9167", "42e5ad741a0d09232efbc7fc648226ed93306551772fc8aecc6dce9f0e676794", "4e718e7f395ba5bfe8b6f6aaf2ff1c65a09bb77a36af6394621434e7cc813204", "4f919f409c433577a501e023943e582c57355d50a724c589e78bc1d551a535a2", "4fe0d7e6438212e839fc5010c78b822664f1a824c0d263fd858f44131d9166e2", "5149a6db3e74f23dc3f5a216c2c9ae2e12920aa2d4a5b77e44e5b804a5f93248", "627594338d6dd995cfc0bacd8e654cd9e1252d2a7c959449228df6740d737eb8", "83c702615052f2a0a7fb1dd289726e29ec87a27272d775cb77affe749cca28f8", "8c872f7fdf3018b7891e1e3e86c55b190e6c5cee70cab771e8f246c855001296", "90f116086063934afd51e61a802a943826d2aac572b2f7d55caaac51c13db5b5", "a3352bacac12e1fc646213b998bce586f965c9d431773d9e91db27c7c48a1f7d", "bcdd06007cca02d51350f96debe51331dec429ac8f93930a43eb8fb5639e3eb5", "c1bd07ebc15285535f61ddd8c0c75d0d6293e80e1ee6d9a8d73f3f36954342d0", "c9a4b7c55115eb278c19aa14b34fcf5920c8fe7797a09b7b053ddd6195ea89b3", "cc8fc0c7a8d5951dc738f1c1447f71c43734244453616f32b8aa0ef6013a5dfb", "d7b460bc316064540ce0c41c1438c416a40746fd8a4fb2999668bf18f3c4acf1"]
parsimonious = ["3add338892d580e0cb3b1a39e4a1b427ff9f687858fdd61097053742391a9f6b"]
py = ["64f65755aee5b381cea27766a3a147c3f15b9b6b9ac88676de66ba2ae36793fa", "dc639b046a6e2cff5bbe40194ad65936d6ba360b52b3c3fe1d08a82dd50b5e53"]
pycryptodome = ["02838a7184803c05710ccb4f3c9129fe26b2634f04daf017a3490d8be5f55b62", "04b710f55141c06388aa60d6d4a1d704b79f25b03fa9e61b0b1b9fcf0766e2ea", "0c54852415567fc53b656b528612d3f8084c127086c38370a2985fbac4892298", "0e59d4e06b0cdb57132387144051101eaa9bbde447b62db9660345d247212ff9", "134479b4f4743402e7e8740f1bf3d779efd95b467c2535c600332b55d0b34686", "1961a6cbd30926a812809efd0f17bd677f54857ac5fd0b0e2638ad4891407dd0", "1e8f2d1b97578f0950a46128cca8b2dc44f224c4c08309a66ca53c4a33839fdd", "213d360d5e145a2ff4d9d90afab9e2b2d99174114aa4b4c04888937730c7ef57", "24dc9a6bc59d4e4fb182197327db1e92e15c598729889132195b420dbcc48468", "3c24117d7fc65f5e299550abd7fa5c612813d0891b4db36d8b8cd02442674306", "432b19da6106785825cbcaea50a8c3846ec9cd4678702f89e02985d27a73a314", "5897e1e336c30274279f23a0f1ea81fdb43c51b514d6ac0f376ff835f420a33e", "68ad0ce4a374577a26bb7f458575abe3c2a342818b5280de6e5738870b7761b3", "68e50aa3230841dc296004e084ceb74225c92da951cff808122242af8a735501", "74bd385d89aca3f8860d56caadead5dcb9e1abdf5774739c4aa9fe3cf56bb34f", "783cffd29fb0dbf6498bd225c1b7194f8372258166c7585fb777075226b04b64", "933750922193899d5601404c0d0637c4da12593ac2c54a16ba841b8afef44c9b", "9871164f10b7bc87b88559b66e632528e766fcd0a84324a803860883b51f4c87", "99a2f931e1bf87c95e465bc74ef0276ce735f1def575d52b67e117f712a63243", "a53be389125c79728658bf42bf711a277c8ac1b3690d26303bb8b0a9217d8cb9", "a68e85d19a870d8f54d7d78fbdefac640bb694aca216223b5987456cdf4d50ff", "ae4070cfa271f78e9f74cde4f6b8c3869facfa4749b96e9bc7fbd1959d75f167", "b3d3215c5a3392a6c1f537d38c13e014d93f9b33277048f06c7ede4c6926b8bd", "df1d5540021b79230cfe8f80bb1f13ee1a626eab10161a26784b78c122c845db", "dfdca3079aac696a25edb9a0b59595b9b776426f61587bf5a974596da217834e", "e874188bb9c274de2dcc0995e885f15732fd0a43c7ef581eff54eef2b11d83c7", "e9ff57287d899d2c4e17e523ac46d1e90902f3b36a81f0e6817238ff0219597f", "ecb7718fc0087a67023fb4a78dd8ebb883d66c49f0465ad656b3213bb1841631"]
pypiwin32 = ["67adf399debc1d5d14dffc1ab5acacb800da569754fafdc576b2a039485aa775", "71be40c1fbd28594214ecaecb58e7aa8b708eabfa0125c8a109ebd51edbd776a"]
python-dateutil = ["7e6584c74aeed623791615e26efd690f29817a27c73085b78e4bad02493df2fb", "c89805f6f4d64db21ed966fda138f8a5ed7a4fdbc1a8ee329ce1b74e3c74da9e"]
pytz = ["303879e36b721603cc54604edcac9d20401bdbe31e1e4fdee5b9f98d5d31dfda", "d747dd3d23d77ef44c6a3526e274af6efeb0a6f1afd5a69ba4d5be4098c8e141"]
pywin32 = ["22e218832a54ed206452c8f3ca9eff07ef327f8e597569a4c2828be5eaa09a77", "32b37abafbfeddb0fe718008d6aada5a71efa2874f068bee1f9e703983dcc49a", "35451edb44162d2f603b5b18bd427bc88fcbc74849eaa7a7e7cfe0f507e5c0c8", "4eda2e1e50faa706ff8226195b84fbcbd542b08c842a9b15e303589f85bfb41c", "5f265d72588806e134c8e1ede8561739071626ea4cc25c12d526aa7b82416ae5", "6852ceac5fdd7a146b570655c37d9eacd520ed1eaeec051ff41c6fc94243d8bf", "6dbc4219fe45ece6a0cc6baafe0105604fdee551b5e876dc475d3955b77190ec", "9bd07746ce7f2198021a9fa187fa80df7b221ec5e4c234ab6f00ea355a3baf99"]
requests = ["11e007a8a2aa0323f5a921e9e6a2d7e4e67d9877e85773fba9ba6419025cbeb4", "9cf5292fcd0f598c671cfc1e0d7d1a7f13bb8085e9a590f48c010551dc6c4b31"]
retry = ["ccddf89761fa2c726ab29391837d4327f819ea14d244c232a1d24c67a2f98606", "f8bfa8b99b69c4506d6f5bd3b0aabf77f98cdb17f3c9fc3f5ca820033336fba4"]
rlp = ["0505fd53278cb4a3ea6baf1b658357ac209bdcdd1b316ac90050c40f669ceacc", "ebe80a03c50e3d6aac47f44ddd45048bb99e411203cd764f5da1330e6d83821c"]
sanic = ["68bda432c1932cf400e01725b915684248d6c7146694e7118c17548d02b74f23", "ce434eb154872ca64493a6c3a288f11fd10bca0de7be7bf9f1d0d063185e51ec"]
six = ["3350809f0555b11f552448330d0b52d5f24c91a322ea4a15ef22629740f3761c", "d16a0141ec1a18405cd4ce8b4613101da75da0e9a7aec5bdd4fa804d0e0eba73"]
toolz = ["929f0a7ea7f61c178bd951bdae93920515d3fbdbafc8e6caf82d752b9b3b31c9"]
ujson = ["f66073e5506e91d204ab0c614a148d5aa938bdbf104751be66f8ad7a222f5f86"]
urllib3 = ["b246607a25ac80bedac05c6f282e3cdaf3afb65420fd024ac94435cabe6e18d1", "dbe59173209418ae49d485b87d1681aefa36252ee85884c31346debd19463232"]
uvloop = ["0fcd894f6fc3226a962ee7ad895c4f52e3f5c3c55098e21efb17c071849a0573", "2f31de1742c059c96cb76b91c5275b22b22b965c886ee1fced093fa27dde9e64", "459e4649fcd5ff719523de33964aa284898e55df62761e7773d088823ccbd3e0", "67867aafd6e0bc2c30a079603a85d83b94f23c5593b3cc08ec7e58ac18bf48e5", "8c200457e6847f28d8bb91c5e5039d301716f5f2fce25646f5fb3fd65eda4a26", "958906b9ca39eb158414fbb7d6b8ef1b7aee4db5c8e8e5d00fcbb69a1ce9dca7", "ac1dca3d8f3ef52806059e81042ee397ac939e5a86c8a3cea55d6b087db66115", "b284c22d8938866318e3b9d178142b8be316c52d16fcfe1560685a686718a021", "c48692bf4587ce281d641087658eca275a5ad3b63c78297bbded96570ae9ce8f", "fefc3b2b947c99737c348887db2c32e539160dcbeb7af9aa6b53db7a283538fe"]
web3 = ["1800c42c3492a6ebc72f9ad4d6dadfad5ac952564a3f0e1ec05d308a3d52aac7", "27058c6e07f7a3153d1355f7e7406c46c8cc0d5c7b6fdcea84f6f3c9cf7c4364"]
websockets = ["0e2f7d6567838369af074f0ef4d0b802d19fa1fee135d864acc656ceefa33136", "2a16dac282b2fdae75178d0ed3d5b9bc3258dabfae50196cbb30578d84b6f6a6", "5a1fa6072405648cb5b3688e9ed3b94be683ce4a4e5723e6f5d34859dee495c1", "5c1f55a1274df9d6a37553fef8cff2958515438c58920897675c9bc70f5a0538", "669d1e46f165e0ad152ed8197f7edead22854a6c90419f544e0f234cc9dac6c4", "695e34c4dbea18d09ab2c258994a8bf6a09564e762655408241f6a14592d2908", "6b2e03d69afa8d20253455e67b64de1a82ff8612db105113cccec35d3f8429f0", "79ca7cdda7ad4e3663ea3c43bfa8637fc5d5604c7737f19a8964781abbd1148d", "7fd2dd9a856f72e6ed06f82facfce01d119b88457cd4b47b7ae501e8e11eba9c", "82c0354ac39379d836719a77ee360ef865377aa6fdead87909d50248d0f05f4d", "8f3b956d11c5b301206382726210dc1d3bee1a9ccf7aadf895aaf31f71c3716c", "91ec98640220ae05b34b79ee88abf27f97ef7c61cf525eec57ea8fcea9f7dddb", "952be9540d83dba815569d5cb5f31708801e0bbfc3a8c5aef1890b57ed7e58bf", "99ac266af38ba1b1fe13975aea01ac0e14bb5f3a3200d2c69f05385768b8568e", "9fa122e7adb24232247f8a89f2d9070bf64b7869daf93ac5e19546b409e47e96", "a0873eadc4b8ca93e2e848d490809e0123eea154aa44ecd0109c4d0171869584", "cb998bd4d93af46b8b49ecf5a72c0a98e5cc6d57fdca6527ba78ad89d6606484", "e02e57346f6a68523e3c43bbdf35dde5c440318d1f827208ae455f6a2ace446d", "e79a5a896bcee7fff24a788d72e5c69f13e61369d055f28113e71945a7eb1559", "ee55eb6bcf23ecc975e6b47c127c201b913598f38b6a300075f84eeef2d3baff", "f1414e6cbcea8d22843e7eafdfdfae3dd1aba41d1945f6ca66e4806c07c4f454"]
